// !$*UTF8*$!
{
	archiveVersion = 1;
	classes = {
	};
	objectVersion = 46;
	objects = {

/* Begin PBXBuildFile section */
		2C2528501B5E108900ADDEFB /* main.m in Sources */ = {isa = PBXBuildFile; fileRef = 2C25284F1B5E108900ADDEFB /* main.m */; };
		2C2528531B5E108900ADDEFB /* AppDelegate.m in Sources */ = {isa = PBXBuildFile; fileRef = 2C2528521B5E108900ADDEFB /* AppDelegate.m */; };
		2C2528561B5E108900ADDEFB /* ViewController.m in Sources */ = {isa = PBXBuildFile; fileRef = 2C2528551B5E108900ADDEFB /* ViewController.m */; };
		2C2528591B5E108A00ADDEFB /* Main.storyboard in Resources */ = {isa = PBXBuildFile; fileRef = 2C2528571B5E108A00ADDEFB /* Main.storyboard */; };
		2C25285B1B5E108A00ADDEFB /* Images.xcassets in Resources */ = {isa = PBXBuildFile; fileRef = 2C25285A1B5E108A00ADDEFB /* Images.xcassets */; };
		2C25285E1B5E108A00ADDEFB /* LaunchScreen.xib in Resources */ = {isa = PBXBuildFile; fileRef = 2C25285C1B5E108A00ADDEFB /* LaunchScreen.xib */; };
		2C25286A1B5E108A00ADDEFB /* pj_for_uTests.m in Sources */ = {isa = PBXBuildFile; fileRef = 2C2528691B5E108A00ADDEFB /* pj_for_uTests.m */; };
/* End PBXBuildFile section */

/* Begin PBXContainerItemProxy section */
		2C2528641B5E108A00ADDEFB /* PBXContainerItemProxy */ = {
			isa = PBXContainerItemProxy;
			containerPortal = 2C2528421B5E108900ADDEFB /* Project object */;
			proxyType = 1;
			remoteGlobalIDString = 2C2528491B5E108900ADDEFB;
			remoteInfo = pj_for_u;
		};
/* End PBXContainerItemProxy section */

/* Begin PBXFileReference section */
		2C25284A1B5E108900ADDEFB /* pj_for_u.app */ = {isa = PBXFileReference; explicitFileType = wrapper.application; includeInIndex = 0; path = pj_for_u.app; sourceTree = BUILT_PRODUCTS_DIR; };
		2C25284E1B5E108900ADDEFB /* Info.plist */ = {isa = PBXFileReference; lastKnownFileType = text.plist.xml; path = Info.plist; sourceTree = "<group>"; };
		2C25284F1B5E108900ADDEFB /* main.m */ = {isa = PBXFileReference; lastKnownFileType = sourcecode.c.objc; path = main.m; sourceTree = "<group>"; };
		2C2528511B5E108900ADDEFB /* AppDelegate.h */ = {isa = PBXFileReference; lastKnownFileType = sourcecode.c.h; path = AppDelegate.h; sourceTree = "<group>"; };
		2C2528521B5E108900ADDEFB /* AppDelegate.m */ = {isa = PBXFileReference; lastKnownFileType = sourcecode.c.objc; path = AppDelegate.m; sourceTree = "<group>"; };
		2C2528541B5E108900ADDEFB /* ViewController.h */ = {isa = PBXFileReference; lastKnownFileType = sourcecode.c.h; path = ViewController.h; sourceTree = "<group>"; };
		2C2528551B5E108900ADDEFB /* ViewController.m */ = {isa = PBXFileReference; lastKnownFileType = sourcecode.c.objc; path = ViewController.m; sourceTree = "<group>"; };
		2C2528581B5E108A00ADDEFB /* Base */ = {isa = PBXFileReference; lastKnownFileType = file.storyboard; name = Base; path = Base.lproj/Main.storyboard; sourceTree = "<group>"; };
		2C25285A1B5E108A00ADDEFB /* Images.xcassets */ = {isa = PBXFileReference; lastKnownFileType = folder.assetcatalog; path = Images.xcassets; sourceTree = "<group>"; };
		2C25285D1B5E108A00ADDEFB /* Base */ = {isa = PBXFileReference; lastKnownFileType = file.xib; name = Base; path = Base.lproj/LaunchScreen.xib; sourceTree = "<group>"; };
		2C2528631B5E108A00ADDEFB /* pj_for_uTests.xctest */ = {isa = PBXFileReference; explicitFileType = wrapper.cfbundle; includeInIndex = 0; path = pj_for_uTests.xctest; sourceTree = BUILT_PRODUCTS_DIR; };
		2C2528681B5E108A00ADDEFB /* Info.plist */ = {isa = PBXFileReference; lastKnownFileType = text.plist.xml; path = Info.plist; sourceTree = "<group>"; };
		2C2528691B5E108A00ADDEFB /* pj_for_uTests.m */ = {isa = PBXFileReference; lastKnownFileType = sourcecode.c.objc; path = pj_for_uTests.m; sourceTree = "<group>"; };
/* End PBXFileReference section */

/* Begin PBXFrameworksBuildPhase section */
		2C2528471B5E108900ADDEFB /* Frameworks */ = {
			isa = PBXFrameworksBuildPhase;
			buildActionMask = 2147483647;
			files = (
			);
			runOnlyForDeploymentPostprocessing = 0;
		};
		2C2528601B5E108A00ADDEFB /* Frameworks */ = {
			isa = PBXFrameworksBuildPhase;
			buildActionMask = 2147483647;
			files = (
			);
			runOnlyForDeploymentPostprocessing = 0;
		};
/* End PBXFrameworksBuildPhase section */

/* Begin PBXGroup section */
		2C2528411B5E108900ADDEFB = {
			isa = PBXGroup;
			children = (
				2C25284C1B5E108900ADDEFB /* pj_for_u */,
				2C2528661B5E108A00ADDEFB /* pj_for_uTests */,
				2C25284B1B5E108900ADDEFB /* Products */,
			);
			sourceTree = "<group>";
		};
		2C25284B1B5E108900ADDEFB /* Products */ = {
			isa = PBXGroup;
			children = (
				2C25284A1B5E108900ADDEFB /* pj_for_u.app */,
				2C2528631B5E108A00ADDEFB /* pj_for_uTests.xctest */,
			);
			name = Products;
			sourceTree = "<group>";
		};
		2C25284C1B5E108900ADDEFB /* pj_for_u */ = {
			isa = PBXGroup;
			children = (
				2C2528511B5E108900ADDEFB /* AppDelegate.h */,
				2C2528521B5E108900ADDEFB /* AppDelegate.m */,
				2C2528541B5E108900ADDEFB /* ViewController.h */,
				2C2528551B5E108900ADDEFB /* ViewController.m */,
				2C2528571B5E108A00ADDEFB /* Main.storyboard */,
				2C25285A1B5E108A00ADDEFB /* Images.xcassets */,
				2C25285C1B5E108A00ADDEFB /* LaunchScreen.xib */,
				2C25284D1B5E108900ADDEFB /* Supporting Files */,
			);
			path = pj_for_u;
			sourceTree = "<group>";
		};
		2C25284D1B5E108900ADDEFB /* Supporting Files */ = {
			isa = PBXGroup;
			children = (
				2C25284E1B5E108900ADDEFB /* Info.plist */,
				2C25284F1B5E108900ADDEFB /* main.m */,
			);
			name = "Supporting Files";
			sourceTree = "<group>";
		};
		2C2528661B5E108A00ADDEFB /* pj_for_uTests */ = {
			isa = PBXGroup;
			children = (
				2C2528691B5E108A00ADDEFB /* pj_for_uTests.m */,
				2C2528671B5E108A00ADDEFB /* Supporting Files */,
			);
			path = pj_for_uTests;
			sourceTree = "<group>";
		};
		2C2528671B5E108A00ADDEFB /* Supporting Files */ = {
			isa = PBXGroup;
			children = (
				2C2528681B5E108A00ADDEFB /* Info.plist */,
			);
			name = "Supporting Files";
			sourceTree = "<group>";
		};
/* End PBXGroup section */

/* Begin PBXNativeTarget section */
		2C2528491B5E108900ADDEFB /* pj_for_u */ = {
			isa = PBXNativeTarget;
			buildConfigurationList = 2C25286D1B5E108A00ADDEFB /* Build configuration list for PBXNativeTarget "pj_for_u" */;
			buildPhases = (
				2C2528461B5E108900ADDEFB /* Sources */,
				2C2528471B5E108900ADDEFB /* Frameworks */,
				2C2528481B5E108900ADDEFB /* Resources */,
			);
			buildRules = (
			);
			dependencies = (
			);
			name = pj_for_u;
			productName = pj_for_u;
			productReference = 2C25284A1B5E108900ADDEFB /* pj_for_u.app */;
			productType = "com.apple.product-type.application";
		};
		2C2528621B5E108A00ADDEFB /* pj_for_uTests */ = {
			isa = PBXNativeTarget;
			buildConfigurationList = 2C2528701B5E108A00ADDEFB /* Build configuration list for PBXNativeTarget "pj_for_uTests" */;
			buildPhases = (
				2C25285F1B5E108A00ADDEFB /* Sources */,
				2C2528601B5E108A00ADDEFB /* Frameworks */,
				2C2528611B5E108A00ADDEFB /* Resources */,
			);
			buildRules = (
			);
			dependencies = (
				2C2528651B5E108A00ADDEFB /* PBXTargetDependency */,
			);
			name = pj_for_uTests;
			productName = pj_for_uTests;
			productReference = 2C2528631B5E108A00ADDEFB /* pj_for_uTests.xctest */;
			productType = "com.apple.product-type.bundle.unit-test";
		};
/* End PBXNativeTarget section */

/* Begin PBXProject section */
		2C2528421B5E108900ADDEFB /* Project object */ = {
			isa = PBXProject;
			attributes = {
				LastUpgradeCheck = 0640;
				ORGANIZATIONNAME = "叶帆";
				TargetAttributes = {
					2C2528491B5E108900ADDEFB = {
						CreatedOnToolsVersion = 6.4;
					};
					2C2528621B5E108A00ADDEFB = {
						CreatedOnToolsVersion = 6.4;
						TestTargetID = 2C2528491B5E108900ADDEFB;
					};
				};
			};
			buildConfigurationList = 2C2528451B5E108900ADDEFB /* Build configuration list for PBXProject "pj_for_u" */;
			compatibilityVersion = "Xcode 3.2";
			developmentRegion = English;
			hasScannedForEncodings = 0;
			knownRegions = (
				en,
				Base,
			);
			mainGroup = 2C2528411B5E108900ADDEFB;
			productRefGroup = 2C25284B1B5E108900ADDEFB /* Products */;
			projectDirPath = "";
			projectRoot = "";
			targets = (
				2C2528491B5E108900ADDEFB /* pj_for_u */,
				2C2528621B5E108A00ADDEFB /* pj_for_uTests */,
			);
		};
/* End PBXProject section */

/* Begin PBXResourcesBuildPhase section */
		2C2528481B5E108900ADDEFB /* Resources */ = {
			isa = PBXResourcesBuildPhase;
			buildActionMask = 2147483647;
			files = (
				2C2528591B5E108A00ADDEFB /* Main.storyboard in Resources */,
				2C25285E1B5E108A00ADDEFB /* LaunchScreen.xib in Resources */,
				2C25285B1B5E108A00ADDEFB /* Images.xcassets in Resources */,
			);
			runOnlyForDeploymentPostprocessing = 0;
		};
		2C2528611B5E108A00ADDEFB /* Resources */ = {
			isa = PBXResourcesBuildPhase;
			buildActionMask = 2147483647;
			files = (
			);
			runOnlyForDeploymentPostprocessing = 0;
		};
/* End PBXResourcesBuildPhase section */

/* Begin PBXSourcesBuildPhase section */
		2C2528461B5E108900ADDEFB /* Sources */ = {
			isa = PBXSourcesBuildPhase;
			buildActionMask = 2147483647;
			files = (
				2C2528561B5E108900ADDEFB /* ViewController.m in Sources */,
				2C2528531B5E108900ADDEFB /* AppDelegate.m in Sources */,
				2C2528501B5E108900ADDEFB /* main.m in Sources */,
			);
			runOnlyForDeploymentPostprocessing = 0;
		};
		2C25285F1B5E108A00ADDEFB /* Sources */ = {
			isa = PBXSourcesBuildPhase;
			buildActionMask = 2147483647;
			files = (
				2C25286A1B5E108A00ADDEFB /* pj_for_uTests.m in Sources */,
			);
			runOnlyForDeploymentPostprocessing = 0;
		};
/* End PBXSourcesBuildPhase section */

/* Begin PBXTargetDependency section */
		2C2528651B5E108A00ADDEFB /* PBXTargetDependency */ = {
			isa = PBXTargetDependency;
			target = 2C2528491B5E108900ADDEFB /* pj_for_u */;
			targetProxy = 2C2528641B5E108A00ADDEFB /* PBXContainerItemProxy */;
		};
/* End PBXTargetDependency section */

/* Begin PBXVariantGroup section */
		2C2528571B5E108A00ADDEFB /* Main.storyboard */ = {
			isa = PBXVariantGroup;
			children = (
				2C2528581B5E108A00ADDEFB /* Base */,
			);
			name = Main.storyboard;
			sourceTree = "<group>";
		};
		2C25285C1B5E108A00ADDEFB /* LaunchScreen.xib */ = {
			isa = PBXVariantGroup;
			children = (
				2C25285D1B5E108A00ADDEFB /* Base */,
			);
			name = LaunchScreen.xib;
			sourceTree = "<group>";
		};
/* End PBXVariantGroup section */

/* Begin XCBuildConfiguration section */
		2C25286B1B5E108A00ADDEFB /* Debug */ = {
			isa = XCBuildConfiguration;
			buildSettings = {
				ALWAYS_SEARCH_USER_PATHS = NO;
				CLANG_CXX_LANGUAGE_STANDARD = "gnu++0x";
				CLANG_CXX_LIBRARY = "libc++";
				CLANG_ENABLE_MODULES = YES;
				CLANG_ENABLE_OBJC_ARC = YES;
				CLANG_WARN_BOOL_CONVERSION = YES;
				CLANG_WARN_CONSTANT_CONVERSION = YES;
				CLANG_WARN_DIRECT_OBJC_ISA_USAGE = YES_ERROR;
				CLANG_WARN_EMPTY_BODY = YES;
				CLANG_WARN_ENUM_CONVERSION = YES;
				CLANG_WARN_INT_CONVERSION = YES;
				CLANG_WARN_OBJC_ROOT_CLASS = YES_ERROR;
				CLANG_WARN_UNREACHABLE_CODE = YES;
				CLANG_WARN__DUPLICATE_METHOD_MATCH = YES;
				"CODE_SIGN_IDENTITY[sdk=iphoneos*]" = "iPhone Developer";
				COPY_PHASE_STRIP = NO;
				DEBUG_INFORMATION_FORMAT = "dwarf-with-dsym";
				ENABLE_STRICT_OBJC_MSGSEND = YES;
				GCC_C_LANGUAGE_STANDARD = gnu99;
				GCC_DYNAMIC_NO_PIC = NO;
				GCC_NO_COMMON_BLOCKS = YES;
				GCC_OPTIMIZATION_LEVEL = 0;
				GCC_PREPROCESSOR_DEFINITIONS = (
					"DEBUG=1",
					"$(inherited)",
				);
				GCC_SYMBOLS_PRIVATE_EXTERN = NO;
				GCC_WARN_64_TO_32_BIT_CONVERSION = YES;
				GCC_WARN_ABOUT_RETURN_TYPE = YES_ERROR;
				GCC_WARN_UNDECLARED_SELECTOR = YES;
				GCC_WARN_UNINITIALIZED_AUTOS = YES_AGGRESSIVE;
				GCC_WARN_UNUSED_FUNCTION = YES;
				GCC_WARN_UNUSED_VARIABLE = YES;
				IPHONEOS_DEPLOYMENT_TARGET = 8.4;
				MTL_ENABLE_DEBUG_INFO = YES;
				ONLY_ACTIVE_ARCH = YES;
				SDKROOT = iphoneos;
			};
			name = Debug;
		};
		2C25286C1B5E108A00ADDEFB /* Release */ = {
			isa = XCBuildConfiguration;
			buildSettings = {
				ALWAYS_SEARCH_USER_PATHS = NO;
				CLANG_CXX_LANGUAGE_STANDARD = "gnu++0x";
				CLANG_CXX_LIBRARY = "libc++";
				CLANG_ENABLE_MODULES = YES;
				CLANG_ENABLE_OBJC_ARC = YES;
				CLANG_WARN_BOOL_CONVERSION = YES;
				CLANG_WARN_CONSTANT_CONVERSION = YES;
				CLANG_WARN_DIRECT_OBJC_ISA_USAGE = YES_ERROR;
				CLANG_WARN_EMPTY_BODY = YES;
				CLANG_WARN_ENUM_CONVERSION = YES;
				CLANG_WARN_INT_CONVERSION = YES;
				CLANG_WARN_OBJC_ROOT_CLASS = YES_ERROR;
				CLANG_WARN_UNREACHABLE_CODE = YES;
				CLANG_WARN__DUPLICATE_METHOD_MATCH = YES;
				"CODE_SIGN_IDENTITY[sdk=iphoneos*]" = "iPhone Developer";
				COPY_PHASE_STRIP = NO;
				DEBUG_INFORMATION_FORMAT = "dwarf-with-dsym";
				ENABLE_NS_ASSERTIONS = NO;
				ENABLE_STRICT_OBJC_MSGSEND = YES;
				GCC_C_LANGUAGE_STANDARD = gnu99;
				GCC_NO_COMMON_BLOCKS = YES;
				GCC_WARN_64_TO_32_BIT_CONVERSION = YES;
				GCC_WARN_ABOUT_RETURN_TYPE = YES_ERROR;
				GCC_WARN_UNDECLARED_SELECTOR = YES;
				GCC_WARN_UNINITIALIZED_AUTOS = YES_AGGRESSIVE;
				GCC_WARN_UNUSED_FUNCTION = YES;
				GCC_WARN_UNUSED_VARIABLE = YES;
				IPHONEOS_DEPLOYMENT_TARGET = 8.4;
				MTL_ENABLE_DEBUG_INFO = NO;
				SDKROOT = iphoneos;
				VALIDATE_PRODUCT = YES;
			};
			name = Release;
		};
		2C25286E1B5E108A00ADDEFB /* Debug */ = {
			isa = XCBuildConfiguration;
			buildSettings = {
				ASSETCATALOG_COMPILER_APPICON_NAME = AppIcon;
				INFOPLIST_FILE = pj_for_u/Info.plist;
				LD_RUNPATH_SEARCH_PATHS = "$(inherited) @executable_path/Frameworks";
				PRODUCT_NAME = "$(TARGET_NAME)";
			};
			name = Debug;
		};
		2C25286F1B5E108A00ADDEFB /* Release */ = {
			isa = XCBuildConfiguration;
			buildSettings = {
				ASSETCATALOG_COMPILER_APPICON_NAME = AppIcon;
				INFOPLIST_FILE = pj_for_u/Info.plist;
				LD_RUNPATH_SEARCH_PATHS = "$(inherited) @executable_path/Frameworks";
				PRODUCT_NAME = "$(TARGET_NAME)";
			};
			name = Release;
		};
		2C2528711B5E108A00ADDEFB /* Debug */ = {
			isa = XCBuildConfiguration;
			buildSettings = {
				BUNDLE_LOADER = "$(TEST_HOST)";
				FRAMEWORK_SEARCH_PATHS = (
					"$(SDKROOT)/Developer/Library/Frameworks",
					"$(inherited)",
				);
				GCC_PREPROCESSOR_DEFINITIONS = (
					"DEBUG=1",
					"$(inherited)",
				);
				INFOPLIST_FILE = pj_for_uTests/Info.plist;
				LD_RUNPATH_SEARCH_PATHS = "$(inherited) @executable_path/Frameworks @loader_path/Frameworks";
				PRODUCT_NAME = "$(TARGET_NAME)";
				TEST_HOST = "$(BUILT_PRODUCTS_DIR)/pj_for_u.app/pj_for_u";
			};
			name = Debug;
		};
		2C2528721B5E108A00ADDEFB /* Release */ = {
			isa = XCBuildConfiguration;
			buildSettings = {
				BUNDLE_LOADER = "$(TEST_HOST)";
				FRAMEWORK_SEARCH_PATHS = (
					"$(SDKROOT)/Developer/Library/Frameworks",
					"$(inherited)",
				);
				INFOPLIST_FILE = pj_for_uTests/Info.plist;
				LD_RUNPATH_SEARCH_PATHS = "$(inherited) @executable_path/Frameworks @loader_path/Frameworks";
				PRODUCT_NAME = "$(TARGET_NAME)";
				TEST_HOST = "$(BUILT_PRODUCTS_DIR)/pj_for_u.app/pj_for_u";
			};
			name = Release;
		};
/* End XCBuildConfiguration section */

/* Begin XCConfigurationList section */
		2C2528451B5E108900ADDEFB /* Build configuration list for PBXProject "pj_for_u" */ = {
			isa = XCConfigurationList;
			buildConfigurations = (
				2C25286B1B5E108A00ADDEFB /* Debug */,
				2C25286C1B5E108A00ADDEFB /* Release */,
			);
			defaultConfigurationIsVisible = 0;
			defaultConfigurationName = Release;
		};
		2C25286D1B5E108A00ADDEFB /* Build configuration list for PBXNativeTarget "pj_for_u" */ = {
			isa = XCConfigurationList;
			buildConfigurations = (
				2C25286E1B5E108A00ADDEFB /* Debug */,
				2C25286F1B5E108A00ADDEFB /* Release */,
			);
			defaultConfigurationIsVisible = 0;
		};
		2C2528701B5E108A00ADDEFB /* Build configuration list for PBXNativeTarget "pj_for_uTests" */ = {
			isa = XCConfigurationList;
			buildConfigurations = (
				2C2528711B5E108A00ADDEFB /* Debug */,
				2C2528721B5E108A00ADDEFB /* Release */,
			);
			defaultConfigurationIsVisible = 0;
		};
/* End XCConfigurationList section */
	};
	rootObject = 2C2528421B5E108900ADDEFB /* Project object */;
}
